
Microsoft Visual Studio Solution File, Format Version 12.00
# Visual Studio Version 17
VisualStudioVersion = 17.14.36623.8
MinimumVisualStudioVersion = 10.0.40219.1
Project("{FAE04EC0-301F-11D3-BF4B-00C04F79EFBC}") = "WPFUI", "WPFUI.csproj", "{F883DD63-6313-4A73-895A-6BA8CE84342F}"
EndProject
Project("{FAE04EC0-301F-11D3-BF4B-00C04F79EFBC}") = "Engine", "..\Engine\Engine.csproj", "{4B66622A-B7D2-4167-BBDC-31E704DBFC17}"
EndProject
Global
	GlobalSection(SolutionConfigurationPlatforms) = preSolution
		Debug|Any CPU = Debug|Any CPU
		Release|Any CPU = Release|Any CPU
	EndGlobalSection
	GlobalSection(ProjectConfigurationPlatforms) = postSolution
		{F883DD63-6313-4A73-895A-6BA8CE84342F}.Debug|Any CPU.ActiveCfg = Debug|Any CPU
		{F883DD63-6313-4A73-895A-6BA8CE84342F}.Debug|Any CPU.Build.0 = Debug|Any CPU
		{F883DD63-6313-4A73-895A-6BA8CE84342F}.Release|Any CPU.ActiveCfg = Release|Any CPU
		{F883DD63-6313-4A73-895A-6BA8CE84342F}.Release|Any CPU.Build.0 = Release|Any CPU
		{4B66622A-B7D2-4167-BBDC-31E704DBFC17}.Debug|Any CPU.ActiveCfg = Debug|Any CPU
		{4B66622A-B7D2-4167-BBDC-31E704DBFC17}.Debug|Any CPU.Build.0 = Debug|Any CPU
		{4B66622A-B7D2-4167-BBDC-31E704DBFC17}.Release|Any CPU.ActiveCfg = Release|Any CPU
		{4B66622A-B7D2-4167-BBDC-31E704DBFC17}.Release|Any CPU.Build.0 = Release|Any CPU
	EndGlobalSection
	GlobalSection(SolutionProperties) = preSolution
		HideSolutionNode = FALSE
	EndGlobalSection
	GlobalSection(ExtensibilityGlobals) = postSolution
		SolutionGuid = {57A06AFE-6217-4C5B-AD35-818A01927C53}
	EndGlobalSection
EndGlobal
